
Microsoft Visual Studio Solution File, Format Version 12.00
# Visual Studio Version 16
VisualStudioVersion = 16.0.30204.135
MinimumVisualStudioVersion = 10.0.40219.1
Project("{FAE04EC0-301F-11D3-BF4B-00C04F79EFBC}") = "CommentMap", "CommentMap\CommentMap.csproj", "{B1400257-83D3-4D08-BA51-7726D600C6E2}"
EndProject
Global
	GlobalSection(SolutionConfigurationPlatforms) = preSolution
		Debug|Any CPU = Debug|Any CPU
		Release|Any CPU = Release|Any CPU
	EndGlobalSection
	GlobalSection(ProjectConfigurationPlatforms) = postSolution
		{B1400257-83D3-4D08-BA51-7726D600C6E2}.Debug|Any CPU.ActiveCfg = Debug|Any CPU
		{B1400257-83D3-4D08-BA51-7726D600C6E2}.Debug|Any CPU.Build.0 = Debug|Any CPU
		{B1400257-83D3-4D08-BA51-7726D600C6E2}.Release|Any CPU.ActiveCfg = Release|Any CPU
		{B1400257-83D3-4D08-BA51-7726D600C6E2}.Release|Any CPU.Build.0 = Release|Any CPU
	EndGlobalSection
	GlobalSection(SolutionProperties) = preSolution
		HideSolutionNode = FALSE
	EndGlobalSection
	GlobalSection(ExtensibilityGlobals) = postSolution
		SolutionGuid = {06D133C0-108A-42E4-A359-55DF15071417}
	EndGlobalSection
EndGlobal
